
Microsoft Visual Studio Solution File, Format Version 12.00
# Visual Studio Version 17
VisualStudioVersion = 17.0.31903.59
MinimumVisualStudioVersion = 10.0.40219.1
Project("{2150E333-8FDC-42A3-9474-1A3956D46DE8}") = "src", "src", "{DFA0F3DF-8D9C-4C04-9ED6-34D7BB2D9745}"
EndProject
Project("{2150E333-8FDC-42A3-9474-1A3956D46DE8}") = "tests", "tests", "{F42B82F2-5599-455D-BA85-30BC94506877}"
EndProject
Project("{FAE04EC0-301F-11D3-BF4B-00C04F79EFBC}") = "TestcontainersExample.IntegrationTests", "tests\TestcontainersExample.IntegrationTests\TestcontainersExample.IntegrationTests.csproj", "{A83C8B84-BD16-45A8-8FC7-F467D2CFCEBD}"
EndProject
Project("{FAE04EC0-301F-11D3-BF4B-00C04F79EFBC}") = "TestcontainersExample.Data", "src\TestcontainersExample.Data\TestcontainersExample.Data.csproj", "{69F6FA13-8E2C-4C79-B429-9129E5D34157}"
EndProject
Project("{FAE04EC0-301F-11D3-BF4B-00C04F79EFBC}") = "TestcontainersExample.Core", "src\TestcontainersExample.Core\TestcontainersExample.Core.csproj", "{8931A2AB-30D4-43BB-947B-BA6B98CDB153}"
EndProject
Project("{2150E333-8FDC-42A3-9474-1A3956D46DE8}") = "Solution Items", "Solution Items", "{C6E61FD0-B2D7-4617-AA1F-58D19CE4F74E}"
	ProjectSection(SolutionItems) = preProject
		docker-compose.yml = docker-compose.yml
	EndProjectSection
EndProject
Project("{FAE04EC0-301F-11D3-BF4B-00C04F79EFBC}") = "TestcontainersExample.CoreTests", "tests\TestcontainersExample.CoreTests\TestcontainersExample.CoreTests.csproj", "{459D35FB-8D28-42DB-B70C-96D9F02A0C6A}"
EndProject
Project("{FAE04EC0-301F-11D3-BF4B-00C04F79EFBC}") = "TestContainersExample.Web", "src\TestContainersExample.Web\TestContainersExample.Web.csproj", "{01119788-9E63-4A34-B1AA-9350EA858EC3}"
EndProject
Global
	GlobalSection(SolutionConfigurationPlatforms) = preSolution
		Debug|Any CPU = Debug|Any CPU
		Release|Any CPU = Release|Any CPU
	EndGlobalSection
	GlobalSection(SolutionProperties) = preSolution
		HideSolutionNode = FALSE
	EndGlobalSection
	GlobalSection(ProjectConfigurationPlatforms) = postSolution
		{A83C8B84-BD16-45A8-8FC7-F467D2CFCEBD}.Debug|Any CPU.ActiveCfg = Debug|Any CPU
		{A83C8B84-BD16-45A8-8FC7-F467D2CFCEBD}.Debug|Any CPU.Build.0 = Debug|Any CPU
		{A83C8B84-BD16-45A8-8FC7-F467D2CFCEBD}.Release|Any CPU.ActiveCfg = Release|Any CPU
		{A83C8B84-BD16-45A8-8FC7-F467D2CFCEBD}.Release|Any CPU.Build.0 = Release|Any CPU
		{69F6FA13-8E2C-4C79-B429-9129E5D34157}.Debug|Any CPU.ActiveCfg = Debug|Any CPU
		{69F6FA13-8E2C-4C79-B429-9129E5D34157}.Debug|Any CPU.Build.0 = Debug|Any CPU
		{69F6FA13-8E2C-4C79-B429-9129E5D34157}.Release|Any CPU.ActiveCfg = Release|Any CPU
		{69F6FA13-8E2C-4C79-B429-9129E5D34157}.Release|Any CPU.Build.0 = Release|Any CPU
		{8931A2AB-30D4-43BB-947B-BA6B98CDB153}.Debug|Any CPU.ActiveCfg = Debug|Any CPU
		{8931A2AB-30D4-43BB-947B-BA6B98CDB153}.Debug|Any CPU.Build.0 = Debug|Any CPU
		{8931A2AB-30D4-43BB-947B-BA6B98CDB153}.Release|Any CPU.ActiveCfg = Release|Any CPU
		{8931A2AB-30D4-43BB-947B-BA6B98CDB153}.Release|Any CPU.Build.0 = Release|Any CPU
		{459D35FB-8D28-42DB-B70C-96D9F02A0C6A}.Debug|Any CPU.ActiveCfg = Debug|Any CPU
		{459D35FB-8D28-42DB-B70C-96D9F02A0C6A}.Debug|Any CPU.Build.0 = Debug|Any CPU
		{459D35FB-8D28-42DB-B70C-96D9F02A0C6A}.Release|Any CPU.ActiveCfg = Release|Any CPU
		{459D35FB-8D28-42DB-B70C-96D9F02A0C6A}.Release|Any CPU.Build.0 = Release|Any CPU
		{01119788-9E63-4A34-B1AA-9350EA858EC3}.Debug|Any CPU.ActiveCfg = Debug|Any CPU
		{01119788-9E63-4A34-B1AA-9350EA858EC3}.Debug|Any CPU.Build.0 = Debug|Any CPU
		{01119788-9E63-4A34-B1AA-9350EA858EC3}.Release|Any CPU.ActiveCfg = Release|Any CPU
		{01119788-9E63-4A34-B1AA-9350EA858EC3}.Release|Any CPU.Build.0 = Release|Any CPU
	EndGlobalSection
	GlobalSection(NestedProjects) = preSolution
		{A83C8B84-BD16-45A8-8FC7-F467D2CFCEBD} = {F42B82F2-5599-455D-BA85-30BC94506877}
		{69F6FA13-8E2C-4C79-B429-9129E5D34157} = {DFA0F3DF-8D9C-4C04-9ED6-34D7BB2D9745}
		{8931A2AB-30D4-43BB-947B-BA6B98CDB153} = {DFA0F3DF-8D9C-4C04-9ED6-34D7BB2D9745}
		{459D35FB-8D28-42DB-B70C-96D9F02A0C6A} = {F42B82F2-5599-455D-BA85-30BC94506877}
		{01119788-9E63-4A34-B1AA-9350EA858EC3} = {DFA0F3DF-8D9C-4C04-9ED6-34D7BB2D9745}
	EndGlobalSection
EndGlobal
